// !$*UTF8*$!
{
	archiveVersion = 1;
	classes = {
	};
	objectVersion = 46;
	objects = {

/* Begin PBXBuildFile section */
		2B7990871CA89C1500E40314 /* AppDelegate.swift in Sources */ = {isa = PBXBuildFile; fileRef = 2B7990861CA89C1500E40314 /* AppDelegate.swift */; };
		2B7990891CA89C1500E40314 /* ViewController.swift in Sources */ = {isa = PBXBuildFile; fileRef = 2B7990881CA89C1500E40314 /* ViewController.swift */; };
		2B79908C1CA89C1500E40314 /* Main.storyboard in Resources */ = {isa = PBXBuildFile; fileRef = 2B79908A1CA89C1500E40314 /* Main.storyboard */; };
		2B79908E1CA89C1500E40314 /* Assets.xcassets in Resources */ = {isa = PBXBuildFile; fileRef = 2B79908D1CA89C1500E40314 /* Assets.xcassets */; };
		2B7990911CA89C1500E40314 /* LaunchScreen.storyboard in Resources */ = {isa = PBXBuildFile; fileRef = 2B79908F1CA89C1500E40314 /* LaunchScreen.storyboard */; };
		2B7990991CA8A86100E40314 /* AboutController.swift in Sources */ = {isa = PBXBuildFile; fileRef = 2B7990981CA8A86100E40314 /* AboutController.swift */; };
		2BF732781CA9FAE9009D0757 /* PhotosController.swift in Sources */ = {isa = PBXBuildFile; fileRef = 2BF732771CA9FAE9009D0757 /* PhotosController.swift */; };
/* End PBXBuildFile section */

/* Begin PBXFileReference section */
		2B7990831CA89C1500E40314 /* city-of-dublin.app */ = {isa = PBXFileReference; explicitFileType = wrapper.application; includeInIndex = 0; path = "city-of-dublin.app"; sourceTree = BUILT_PRODUCTS_DIR; };
		2B7990861CA89C1500E40314 /* AppDelegate.swift */ = {isa = PBXFileReference; lastKnownFileType = sourcecode.swift; path = AppDelegate.swift; sourceTree = "<group>"; };
		2B7990881CA89C1500E40314 /* ViewController.swift */ = {isa = PBXFileReference; lastKnownFileType = sourcecode.swift; path = ViewController.swift; sourceTree = "<group>"; };
		2B79908B1CA89C1500E40314 /* Base */ = {isa = PBXFileReference; lastKnownFileType = file.storyboard; name = Base; path = Base.lproj/Main.storyboard; sourceTree = "<group>"; };
		2B79908D1CA89C1500E40314 /* Assets.xcassets */ = {isa = PBXFileReference; lastKnownFileType = folder.assetcatalog; path = Assets.xcassets; sourceTree = "<group>"; };
		2B7990901CA89C1500E40314 /* Base */ = {isa = PBXFileReference; lastKnownFileType = file.storyboard; name = Base; path = Base.lproj/LaunchScreen.storyboard; sourceTree = "<group>"; };
		2B7990921CA89C1500E40314 /* Info.plist */ = {isa = PBXFileReference; lastKnownFileType = text.plist.xml; path = Info.plist; sourceTree = "<group>"; };
		2B7990981CA8A86100E40314 /* AboutController.swift */ = {isa = PBXFileReference; fileEncoding = 4; lastKnownFileType = sourcecode.swift; path = AboutController.swift; sourceTree = "<group>"; };
		2BF732771CA9FAE9009D0757 /* PhotosController.swift */ = {isa = PBXFileReference; fileEncoding = 4; lastKnownFileType = sourcecode.swift; path = PhotosController.swift; sourceTree = "<group>"; };
/* End PBXFileReference section */

/* Begin PBXFrameworksBuildPhase section */
		2B7990801CA89C1400E40314 /* Frameworks */ = {
			isa = PBXFrameworksBuildPhase;
			buildActionMask = 2147483647;
			files = (
			);
			runOnlyForDeploymentPostprocessing = 0;
		};
/* End PBXFrameworksBuildPhase section */

/* Begin PBXGroup section */
		2B79907A1CA89C1400E40314 = {
			isa = PBXGroup;
			children = (
				2B7990851CA89C1500E40314 /* city-of-dublin */,
				2B7990841CA89C1500E40314 /* Products */,
			);
			sourceTree = "<group>";
		};
		2B7990841CA89C1500E40314 /* Products */ = {
			isa = PBXGroup;
			children = (
				2B7990831CA89C1500E40314 /* city-of-dublin.app */,
			);
			name = Products;
			sourceTree = "<group>";
		};
		2B7990851CA89C1500E40314 /* city-of-dublin */ = {
			isa = PBXGroup;
			children = (
				2B79909C1CA8A87D00E40314 /* Controller */,
				2B79909B1CA8A87600E40314 /* View */,
				2B79909A1CA8A86E00E40314 /* Model */,
				2B7990861CA89C1500E40314 /* AppDelegate.swift */,
				2B79908A1CA89C1500E40314 /* Main.storyboard */,
				2B79908D1CA89C1500E40314 /* Assets.xcassets */,
				2B79908F1CA89C1500E40314 /* LaunchScreen.storyboard */,
				2B7990921CA89C1500E40314 /* Info.plist */,
			);
			path = "city-of-dublin";
			sourceTree = "<group>";
		};
		2B79909A1CA8A86E00E40314 /* Model */ = {
			isa = PBXGroup;
			children = (
			);
			name = Model;
			sourceTree = "<group>";
		};
		2B79909B1CA8A87600E40314 /* View */ = {
			isa = PBXGroup;
			children = (
			);
			name = View;
			sourceTree = "<group>";
		};
		2B79909C1CA8A87D00E40314 /* Controller */ = {
			isa = PBXGroup;
			children = (
				2B7990881CA89C1500E40314 /* ViewController.swift */,
				2B7990981CA8A86100E40314 /* AboutController.swift */,
				2BF732771CA9FAE9009D0757 /* PhotosController.swift */,
			);
			name = Controller;
			sourceTree = "<group>";
		};
/* End PBXGroup section */

/* Begin PBXNativeTarget section */
		2B7990821CA89C1400E40314 /* city-of-dublin */ = {
			isa = PBXNativeTarget;
			buildConfigurationList = 2B7990951CA89C1500E40314 /* Build configuration list for PBXNativeTarget "city-of-dublin" */;
			buildPhases = (
				2B79907F1CA89C1400E40314 /* Sources */,
				2B7990801CA89C1400E40314 /* Frameworks */,
				2B7990811CA89C1400E40314 /* Resources */,
			);
			buildRules = (
			);
			dependencies = (
			);
			name = "city-of-dublin";
			productName = "city-of-dublin";
			productReference = 2B7990831CA89C1500E40314 /* city-of-dublin.app */;
			productType = "com.apple.product-type.application";
		};
/* End PBXNativeTarget section */

/* Begin PBXProject section */
		2B79907B1CA89C1400E40314 /* Project object */ = {
			isa = PBXProject;
			attributes = {
				LastSwiftUpdateCheck = 0730;
				LastUpgradeCheck = 0730;
				ORGANIZATIONNAME = "James Dyer";
				TargetAttributes = {
					2B7990821CA89C1400E40314 = {
						CreatedOnToolsVersion = 7.3;
					};
				};
			};
			buildConfigurationList = 2B79907E1CA89C1400E40314 /* Build configuration list for PBXProject "city-of-dublin" */;
			compatibilityVersion = "Xcode 3.2";
			developmentRegion = English;
			hasScannedForEncodings = 0;
			knownRegions = (
				en,
				Base,
			);
			mainGroup = 2B79907A1CA89C1400E40314;
			productRefGroup = 2B7990841CA89C1500E40314 /* Products */;
			projectDirPath = "";
			projectRoot = "";
			targets = (
				2B7990821CA89C1400E40314 /* city-of-dublin */,
			);
		};
/* End PBXProject section */

/* Begin PBXResourcesBuildPhase section */
		2B7990811CA89C1400E40314 /* Resources */ = {
			isa = PBXResourcesBuildPhase;
			buildActionMask = 2147483647;
			files = (
				2B7990911CA89C1500E40314 /* LaunchScreen.storyboard in Resources */,
				2B79908E1CA89C1500E40314 /* Assets.xcassets in Resources */,
				2B79908C1CA89C1500E40314 /* Main.storyboard in Resources */,
			);
			runOnlyForDeploymentPostprocessing = 0;
		};
/* End PBXResourcesBuildPhase section */

/* Begin PBXSourcesBuildPhase section */
		2B79907F1CA89C1400E40314 /* Sources */ = {
			isa = PBXSourcesBuildPhase;
			buildActionMask = 2147483647;
			files = (
				2B7990891CA89C1500E40314 /* ViewController.swift in Sources */,
				2B7990871CA89C1500E40314 /* AppDelegate.swift in Sources */,
				2BF732781CA9FAE9009D0757 /* PhotosController.swift in Sources */,
				2B7990991CA8A86100E40314 /* AboutController.swift in Sources */,
			);
			runOnlyForDeploymentPostprocessing = 0;
		};
/* End PBXSourcesBuildPhase section */

/* Begin PBXVariantGroup section */
		2B79908A1CA89C1500E40314 /* Main.storyboard */ = {
			isa = PBXVariantGroup;
			children = (
				2B79908B1CA89C1500E40314 /* Base */,
			);
			name = Main.storyboard;
			sourceTree = "<group>";
		};
		2B79908F1CA89C1500E40314 /* LaunchScreen.storyboard */ = {
			isa = PBXVariantGroup;
			children = (
				2B7990901CA89C1500E40314 /* Base */,
			);
			name = LaunchScreen.storyboard;
			sourceTree = "<group>";
		};
/* End PBXVariantGroup section */

/* Begin XCBuildConfiguration section */
		2B7990931CA89C1500E40314 /* Debug */ = {
			isa = XCBuildConfiguration;
			buildSettings = {
				ALWAYS_SEARCH_USER_PATHS = NO;
				CLANG_ANALYZER_NONNULL = YES;
				CLANG_CXX_LANGUAGE_STANDARD = "gnu++0x";
				CLANG_CXX_LIBRARY = "libc++";
				CLANG_ENABLE_MODULES = YES;
				CLANG_ENABLE_OBJC_ARC = YES;
				CLANG_WARN_BOOL_CONVERSION = YES;
				CLANG_WARN_CONSTANT_CONVERSION = YES;
				CLANG_WARN_DIRECT_OBJC_ISA_USAGE = YES_ERROR;
				CLANG_WARN_EMPTY_BODY = YES;
				CLANG_WARN_ENUM_CONVERSION = YES;
				CLANG_WARN_INT_CONVERSION = YES;
				CLANG_WARN_OBJC_ROOT_CLASS = YES_ERROR;
				CLANG_WARN_UNREACHABLE_CODE = YES;
				CLANG_WARN__DUPLICATE_METHOD_MATCH = YES;
				"CODE_SIGN_IDENTITY[sdk=iphoneos*]" = "iPhone Developer";
				COPY_PHASE_STRIP = NO;
				DEBUG_INFORMATION_FORMAT = dwarf;
				ENABLE_STRICT_OBJC_MSGSEND = YES;
				ENABLE_TESTABILITY = YES;
				GCC_C_LANGUAGE_STANDARD = gnu99;
				GCC_DYNAMIC_NO_PIC = NO;
				GCC_NO_COMMON_BLOCKS = YES;
				GCC_OPTIMIZATION_LEVEL = 0;
				GCC_PREPROCESSOR_DEFINITIONS = (
					"DEBUG=1",
					"$(inherited)",
				);
				GCC_WARN_64_TO_32_BIT_CONVERSION = YES;
				GCC_WARN_ABOUT_RETURN_TYPE = YES_ERROR;
				GCC_WARN_UNDECLARED_SELECTOR = YES;
				GCC_WARN_UNINITIALIZED_AUTOS = YES_AGGRESSIVE;
				GCC_WARN_UNUSED_FUNCTION = YES;
				GCC_WARN_UNUSED_VARIABLE = YES;
				IPHONEOS_DEPLOYMENT_TARGET = 9.3;
				MTL_ENABLE_DEBUG_INFO = YES;
				ONLY_ACTIVE_ARCH = YES;
				SDKROOT = iphoneos;
				SWIFT_OPTIMIZATION_LEVEL = "-Onone";
			};
			name = Debug;
		};
		2B7990941CA89C1500E40314 /* Release */ = {
			isa = XCBuildConfiguration;
			buildSettings = {
				ALWAYS_SEARCH_USER_PATHS = NO;
				CLANG_ANALYZER_NONNULL = YES;
				CLANG_CXX_LANGUAGE_STANDARD = "gnu++0x";
				CLANG_CXX_LIBRARY = "libc++";
				CLANG_ENABLE_MODULES = YES;
				CLANG_ENABLE_OBJC_ARC = YES;
				CLANG_WARN_BOOL_CONVERSION = YES;
				CLANG_WARN_CONSTANT_CONVERSION = YES;
				CLANG_WARN_DIRECT_OBJC_ISA_USAGE = YES_ERROR;
				CLANG_WARN_EMPTY_BODY = YES;
				CLANG_WARN_ENUM_CONVERSION = YES;
				CLANG_WARN_INT_CONVERSION = YES;
				CLANG_WARN_OBJC_ROOT_CLASS = YES_ERROR;
				CLANG_WARN_UNREACHABLE_CODE = YES;
				CLANG_WARN__DUPLICATE_METHOD_MATCH = YES;
				"CODE_SIGN_IDENTITY[sdk=iphoneos*]" = "iPhone Developer";
				COPY_PHASE_STRIP = NO;
				DEBUG_INFORMATION_FORMAT = "dwarf-with-dsym";
				ENABLE_NS_ASSERTIONS = NO;
				ENABLE_STRICT_OBJC_MSGSEND = YES;
				GCC_C_LANGUAGE_STANDARD = gnu99;
				GCC_NO_COMMON_BLOCKS = YES;
				GCC_WARN_64_TO_32_BIT_CONVERSION = YES;
				GCC_WARN_ABOUT_RETURN_TYPE = YES_ERROR;
				GCC_WARN_UNDECLARED_SELECTOR = YES;
				GCC_WARN_UNINITIALIZED_AUTOS = YES_AGGRESSIVE;
				GCC_WARN_UNUSED_FUNCTION = YES;
				GCC_WARN_UNUSED_VARIABLE = YES;
				IPHONEOS_DEPLOYMENT_TARGET = 9.3;
				MTL_ENABLE_DEBUG_INFO = NO;
				SDKROOT = iphoneos;
				VALIDATE_PRODUCT = YES;
			};
			name = Release;
		};
		2B7990961CA89C1500E40314 /* Debug */ = {
			isa = XCBuildConfiguration;
			buildSettings = {
				ASSETCATALOG_COMPILER_APPICON_NAME = AppIcon;
				INFOPLIST_FILE = "city-of-dublin/Info.plist";
				LD_RUNPATH_SEARCH_PATHS = "$(inherited) @executable_path/Frameworks";
				PRODUCT_BUNDLE_IDENTIFIER = "com.jamesalandyer.city-of-dublin";
				PRODUCT_NAME = "$(TARGET_NAME)";
				TARGETED_DEVICE_FAMILY = "1,2";
			};
			name = Debug;
		};
		2B7990971CA89C1500E40314 /* Release */ = {
			isa = XCBuildConfiguration;
			buildSettings = {
				ASSETCATALOG_COMPILER_APPICON_NAME = AppIcon;
				INFOPLIST_FILE = "city-of-dublin/Info.plist";
				LD_RUNPATH_SEARCH_PATHS = "$(inherited) @executable_path/Frameworks";
				PRODUCT_BUNDLE_IDENTIFIER = "com.jamesalandyer.city-of-dublin";
				PRODUCT_NAME = "$(TARGET_NAME)";
				TARGETED_DEVICE_FAMILY = "1,2";
			};
			name = Release;
		};
/* End XCBuildConfiguration section */

/* Begin XCConfigurationList section */
		2B79907E1CA89C1400E40314 /* Build configuration list for PBXProject "city-of-dublin" */ = {
			isa = XCConfigurationList;
			buildConfigurations = (
				2B7990931CA89C1500E40314 /* Debug */,
				2B7990941CA89C1500E40314 /* Release */,
			);
			defaultConfigurationIsVisible = 0;
			defaultConfigurationName = Release;
		};
		2B7990951CA89C1500E40314 /* Build configuration list for PBXNativeTarget "city-of-dublin" */ = {
			isa = XCConfigurationList;
			buildConfigurations = (
				2B7990961CA89C1500E40314 /* Debug */,
				2B7990971CA89C1500E40314 /* Release */,
			);
			defaultConfigurationIsVisible = 0;
			defaultConfigurationName = Release;
		};
/* End XCConfigurationList section */
	};
	rootObject = 2B79907B1CA89C1400E40314 /* Project object */;
}
